// !$*UTF8*$!
{
	archiveVersion = 1;
	classes = {
	};
	objectVersion = 55;
	objects = {

/* Begin PBXBuildFile section */
		D073DE062773F660009E11CC /* Tests_iOS.swift in Sources */ = {isa = PBXBuildFile; fileRef = D073DE052773F660009E11CC /* Tests_iOS.swift */; };
		D073DE082773F660009E11CC /* Tests_iOSLaunchTests.swift in Sources */ = {isa = PBXBuildFile; fileRef = D073DE072773F660009E11CC /* Tests_iOSLaunchTests.swift */; };
		D073DE122773F660009E11CC /* Tests_macOS.swift in Sources */ = {isa = PBXBuildFile; fileRef = D073DE112773F660009E11CC /* Tests_macOS.swift */; };
		D073DE142773F660009E11CC /* Tests_macOSLaunchTests.swift in Sources */ = {isa = PBXBuildFile; fileRef = D073DE132773F660009E11CC /* Tests_macOSLaunchTests.swift */; };
		D073DE152773F660009E11CC /* FlashCardsApp.swift in Sources */ = {isa = PBXBuildFile; fileRef = D073DDED2773F65C009E11CC /* FlashCardsApp.swift */; };
		D073DE162773F660009E11CC /* FlashCardsApp.swift in Sources */ = {isa = PBXBuildFile; fileRef = D073DDED2773F65C009E11CC /* FlashCardsApp.swift */; };
		D073DE172773F660009E11CC /* ContentView.swift in Sources */ = {isa = PBXBuildFile; fileRef = D073DDEE2773F65C009E11CC /* ContentView.swift */; };
		D073DE182773F660009E11CC /* ContentView.swift in Sources */ = {isa = PBXBuildFile; fileRef = D073DDEE2773F65C009E11CC /* ContentView.swift */; };
		D073DE192773F660009E11CC /* Assets.xcassets in Resources */ = {isa = PBXBuildFile; fileRef = D073DDEF2773F65F009E11CC /* Assets.xcassets */; };
		D073DE1A2773F660009E11CC /* Assets.xcassets in Resources */ = {isa = PBXBuildFile; fileRef = D073DDEF2773F65F009E11CC /* Assets.xcassets */; };
/* End PBXBuildFile section */

/* Begin PBXContainerItemProxy section */
		D073DE022773F660009E11CC /* PBXContainerItemProxy */ = {
			isa = PBXContainerItemProxy;
			containerPortal = D073DDE82773F65C009E11CC /* Project object */;
			proxyType = 1;
			remoteGlobalIDString = D073DDF32773F660009E11CC;
			remoteInfo = "FlashCards (iOS)";
		};
		D073DE0E2773F660009E11CC /* PBXContainerItemProxy */ = {
			isa = PBXContainerItemProxy;
			containerPortal = D073DDE82773F65C009E11CC /* Project object */;
			proxyType = 1;
			remoteGlobalIDString = D073DDF92773F660009E11CC;
			remoteInfo = "FlashCards (macOS)";
		};
/* End PBXContainerItemProxy section */

/* Begin PBXFileReference section */
		D073DDED2773F65C009E11CC /* FlashCardsApp.swift */ = {isa = PBXFileReference; lastKnownFileType = sourcecode.swift; path = FlashCardsApp.swift; sourceTree = "<group>"; };
		D073DDEE2773F65C009E11CC /* ContentView.swift */ = {isa = PBXFileReference; lastKnownFileType = sourcecode.swift; path = ContentView.swift; sourceTree = "<group>"; };
		D073DDEF2773F65F009E11CC /* Assets.xcassets */ = {isa = PBXFileReference; lastKnownFileType = folder.assetcatalog; path = Assets.xcassets; sourceTree = "<group>"; };
		D073DDF42773F660009E11CC /* FlashCards.app */ = {isa = PBXFileReference; explicitFileType = wrapper.application; includeInIndex = 0; path = FlashCards.app; sourceTree = BUILT_PRODUCTS_DIR; };
		D073DDFA2773F660009E11CC /* FlashCards.app */ = {isa = PBXFileReference; explicitFileType = wrapper.application; includeInIndex = 0; path = FlashCards.app; sourceTree = BUILT_PRODUCTS_DIR; };
		D073DDFC2773F660009E11CC /* macOS.entitlements */ = {isa = PBXFileReference; lastKnownFileType = text.plist.entitlements; path = macOS.entitlements; sourceTree = "<group>"; };
		D073DE012773F660009E11CC /* Tests iOS.xctest */ = {isa = PBXFileReference; explicitFileType = wrapper.cfbundle; includeInIndex = 0; path = "Tests iOS.xctest"; sourceTree = BUILT_PRODUCTS_DIR; };
		D073DE052773F660009E11CC /* Tests_iOS.swift */ = {isa = PBXFileReference; lastKnownFileType = sourcecode.swift; path = Tests_iOS.swift; sourceTree = "<group>"; };
		D073DE072773F660009E11CC /* Tests_iOSLaunchTests.swift */ = {isa = PBXFileReference; lastKnownFileType = sourcecode.swift; path = Tests_iOSLaunchTests.swift; sourceTree = "<group>"; };
		D073DE0D2773F660009E11CC /* Tests macOS.xctest */ = {isa = PBXFileReference; explicitFileType = wrapper.cfbundle; includeInIndex = 0; path = "Tests macOS.xctest"; sourceTree = BUILT_PRODUCTS_DIR; };
		D073DE112773F660009E11CC /* Tests_macOS.swift */ = {isa = PBXFileReference; lastKnownFileType = sourcecode.swift; path = Tests_macOS.swift; sourceTree = "<group>"; };
		D073DE132773F660009E11CC /* Tests_macOSLaunchTests.swift */ = {isa = PBXFileReference; lastKnownFileType = sourcecode.swift; path = Tests_macOSLaunchTests.swift; sourceTree = "<group>"; };
/* End PBXFileReference section */

/* Begin PBXFrameworksBuildPhase section */
		D073DDF12773F660009E11CC /* Frameworks */ = {
			isa = PBXFrameworksBuildPhase;
			buildActionMask = 2147483647;
			files = (
			);
			runOnlyForDeploymentPostprocessing = 0;
		};
		D073DDF72773F660009E11CC /* Frameworks */ = {
			isa = PBXFrameworksBuildPhase;
			buildActionMask = 2147483647;
			files = (
			);
			runOnlyForDeploymentPostprocessing = 0;
		};
		D073DDFE2773F660009E11CC /* Frameworks */ = {
			isa = PBXFrameworksBuildPhase;
			buildActionMask = 2147483647;
			files = (
			);
			runOnlyForDeploymentPostprocessing = 0;
		};
		D073DE0A2773F660009E11CC /* Frameworks */ = {
			isa = PBXFrameworksBuildPhase;
			buildActionMask = 2147483647;
			files = (
			);
			runOnlyForDeploymentPostprocessing = 0;
		};
/* End PBXFrameworksBuildPhase section */

/* Begin PBXGroup section */
		D073DDE72773F65C009E11CC = {
			isa = PBXGroup;
			children = (
				D073DDEC2773F65C009E11CC /* Shared */,
				D073DDFB2773F660009E11CC /* macOS */,
				D073DE042773F660009E11CC /* Tests iOS */,
				D073DE102773F660009E11CC /* Tests macOS */,
				D073DDF52773F660009E11CC /* Products */,
			);
			sourceTree = "<group>";
		};
		D073DDEC2773F65C009E11CC /* Shared */ = {
			isa = PBXGroup;
			children = (
				D073DDED2773F65C009E11CC /* FlashCardsApp.swift */,
				D073DDEE2773F65C009E11CC /* ContentView.swift */,
				D073DDEF2773F65F009E11CC /* Assets.xcassets */,
			);
			path = Shared;
			sourceTree = "<group>";
		};
		D073DDF52773F660009E11CC /* Products */ = {
			isa = PBXGroup;
			children = (
				D073DDF42773F660009E11CC /* FlashCards.app */,
				D073DDFA2773F660009E11CC /* FlashCards.app */,
				D073DE012773F660009E11CC /* Tests iOS.xctest */,
				D073DE0D2773F660009E11CC /* Tests macOS.xctest */,
			);
			name = Products;
			sourceTree = "<group>";
		};
		D073DDFB2773F660009E11CC /* macOS */ = {
			isa = PBXGroup;
			children = (
				D073DDFC2773F660009E11CC /* macOS.entitlements */,
			);
			path = macOS;
			sourceTree = "<group>";
		};
		D073DE042773F660009E11CC /* Tests iOS */ = {
			isa = PBXGroup;
			children = (
				D073DE052773F660009E11CC /* Tests_iOS.swift */,
				D073DE072773F660009E11CC /* Tests_iOSLaunchTests.swift */,
			);
			path = "Tests iOS";
			sourceTree = "<group>";
		};
		D073DE102773F660009E11CC /* Tests macOS */ = {
			isa = PBXGroup;
			children = (
				D073DE112773F660009E11CC /* Tests_macOS.swift */,
				D073DE132773F660009E11CC /* Tests_macOSLaunchTests.swift */,
			);
			path = "Tests macOS";
			sourceTree = "<group>";
		};
/* End PBXGroup section */

/* Begin PBXNativeTarget section */
		D073DDF32773F660009E11CC /* FlashCards (iOS) */ = {
			isa = PBXNativeTarget;
			buildConfigurationList = D073DE1D2773F660009E11CC /* Build configuration list for PBXNativeTarget "FlashCards (iOS)" */;
			buildPhases = (
				D073DDF02773F660009E11CC /* Sources */,
				D073DDF12773F660009E11CC /* Frameworks */,
				D073DDF22773F660009E11CC /* Resources */,
			);
			buildRules = (
			);
			dependencies = (
			);
			name = "FlashCards (iOS)";
			productName = "FlashCards (iOS)";
			productReference = D073DDF42773F660009E11CC /* FlashCards.app */;
			productType = "com.apple.product-type.application";
		};
		D073DDF92773F660009E11CC /* FlashCards (macOS) */ = {
			isa = PBXNativeTarget;
			buildConfigurationList = D073DE202773F660009E11CC /* Build configuration list for PBXNativeTarget "FlashCards (macOS)" */;
			buildPhases = (
				D073DDF62773F660009E11CC /* Sources */,
				D073DDF72773F660009E11CC /* Frameworks */,
				D073DDF82773F660009E11CC /* Resources */,
			);
			buildRules = (
			);
			dependencies = (
			);
			name = "FlashCards (macOS)";
			productName = "FlashCards (macOS)";
			productReference = D073DDFA2773F660009E11CC /* FlashCards.app */;
			productType = "com.apple.product-type.application";
		};
		D073DE002773F660009E11CC /* Tests iOS */ = {
			isa = PBXNativeTarget;
			buildConfigurationList = D073DE232773F660009E11CC /* Build configuration list for PBXNativeTarget "Tests iOS" */;
			buildPhases = (
				D073DDFD2773F660009E11CC /* Sources */,
				D073DDFE2773F660009E11CC /* Frameworks */,
				D073DDFF2773F660009E11CC /* Resources */,
			);
			buildRules = (
			);
			dependencies = (
				D073DE032773F660009E11CC /* PBXTargetDependency */,
			);
			name = "Tests iOS";
			productName = "Tests iOS";
			productReference = D073DE012773F660009E11CC /* Tests iOS.xctest */;
			productType = "com.apple.product-type.bundle.ui-testing";
		};
		D073DE0C2773F660009E11CC /* Tests macOS */ = {
			isa = PBXNativeTarget;
			buildConfigurationList = D073DE262773F660009E11CC /* Build configuration list for PBXNativeTarget "Tests macOS" */;
			buildPhases = (
				D073DE092773F660009E11CC /* Sources */,
				D073DE0A2773F660009E11CC /* Frameworks */,
				D073DE0B2773F660009E11CC /* Resources */,
			);
			buildRules = (
			);
			dependencies = (
				D073DE0F2773F660009E11CC /* PBXTargetDependency */,
			);
			name = "Tests macOS";
			productName = "Tests macOS";
			productReference = D073DE0D2773F660009E11CC /* Tests macOS.xctest */;
			productType = "com.apple.product-type.bundle.ui-testing";
		};
/* End PBXNativeTarget section */

/* Begin PBXProject section */
		D073DDE82773F65C009E11CC /* Project object */ = {
			isa = PBXProject;
			attributes = {
				BuildIndependentTargetsInParallel = 1;
				LastSwiftUpdateCheck = 1320;
				LastUpgradeCheck = 1320;
				TargetAttributes = {
					D073DDF32773F660009E11CC = {
						CreatedOnToolsVersion = 13.2.1;
					};
					D073DDF92773F660009E11CC = {
						CreatedOnToolsVersion = 13.2.1;
					};
					D073DE002773F660009E11CC = {
						CreatedOnToolsVersion = 13.2.1;
						TestTargetID = D073DDF32773F660009E11CC;
					};
					D073DE0C2773F660009E11CC = {
						CreatedOnToolsVersion = 13.2.1;
						TestTargetID = D073DDF92773F660009E11CC;
					};
				};
			};
			buildConfigurationList = D073DDEB2773F65C009E11CC /* Build configuration list for PBXProject "FlashCards" */;
			compatibilityVersion = "Xcode 13.0";
			developmentRegion = en;
			hasScannedForEncodings = 0;
			knownRegions = (
				en,
				Base,
			);
			mainGroup = D073DDE72773F65C009E11CC;
			productRefGroup = D073DDF52773F660009E11CC /* Products */;
			projectDirPath = "";
			projectRoot = "";
			targets = (
				D073DDF32773F660009E11CC /* FlashCards (iOS) */,
				D073DDF92773F660009E11CC /* FlashCards (macOS) */,
				D073DE002773F660009E11CC /* Tests iOS */,
				D073DE0C2773F660009E11CC /* Tests macOS */,
			);
		};
/* End PBXProject section */

/* Begin PBXResourcesBuildPhase section */
		D073DDF22773F660009E11CC /* Resources */ = {
			isa = PBXResourcesBuildPhase;
			buildActionMask = 2147483647;
			files = (
				D073DE192773F660009E11CC /* Assets.xcassets in Resources */,
			);
			runOnlyForDeploymentPostprocessing = 0;
		};
		D073DDF82773F660009E11CC /* Resources */ = {
			isa = PBXResourcesBuildPhase;
			buildActionMask = 2147483647;
			files = (
				D073DE1A2773F660009E11CC /* Assets.xcassets in Resources */,
			);
			runOnlyForDeploymentPostprocessing = 0;
		};
		D073DDFF2773F660009E11CC /* Resources */ = {
			isa = PBXResourcesBuildPhase;
			buildActionMask = 2147483647;
			files = (
			);
			runOnlyForDeploymentPostprocessing = 0;
		};
		D073DE0B2773F660009E11CC /* Resources */ = {
			isa = PBXResourcesBuildPhase;
			buildActionMask = 2147483647;
			files = (
			);
			runOnlyForDeploymentPostprocessing = 0;
		};
/* End PBXResourcesBuildPhase section */

/* Begin PBXSourcesBuildPhase section */
		D073DDF02773F660009E11CC /* Sources */ = {
			isa = PBXSourcesBuildPhase;
			buildActionMask = 2147483647;
			files = (
				D073DE172773F660009E11CC /* ContentView.swift in Sources */,
				D073DE152773F660009E11CC /* FlashCardsApp.swift in Sources */,
			);
			runOnlyForDeploymentPostprocessing = 0;
		};
		D073DDF62773F660009E11CC /* Sources */ = {
			isa = PBXSourcesBuildPhase;
			buildActionMask = 2147483647;
			files = (
				D073DE182773F660009E11CC /* ContentView.swift in Sources */,
				D073DE162773F660009E11CC /* FlashCardsApp.swift in Sources */,
			);
			runOnlyForDeploymentPostprocessing = 0;
		};
		D073DDFD2773F660009E11CC /* Sources */ = {
			isa = PBXSourcesBuildPhase;
			buildActionMask = 2147483647;
			files = (
				D073DE082773F660009E11CC /* Tests_iOSLaunchTests.swift in Sources */,
				D073DE062773F660009E11CC /* Tests_iOS.swift in Sources */,
			);
			runOnlyForDeploymentPostprocessing = 0;
		};
		D073DE092773F660009E11CC /* Sources */ = {
			isa = PBXSourcesBuildPhase;
			buildActionMask = 2147483647;
			files = (
				D073DE142773F660009E11CC /* Tests_macOSLaunchTests.swift in Sources */,
				D073DE122773F660009E11CC /* Tests_macOS.swift in Sources */,
			);
			runOnlyForDeploymentPostprocessing = 0;
		};
/* End PBXSourcesBuildPhase section */

/* Begin PBXTargetDependency section */
		D073DE032773F660009E11CC /* PBXTargetDependency */ = {
			isa = PBXTargetDependency;
			target = D073DDF32773F660009E11CC /* FlashCards (iOS) */;
			targetProxy = D073DE022773F660009E11CC /* PBXContainerItemProxy */;
		};
		D073DE0F2773F660009E11CC /* PBXTargetDependency */ = {
			isa = PBXTargetDependency;
			target = D073DDF92773F660009E11CC /* FlashCards (macOS) */;
			targetProxy = D073DE0E2773F660009E11CC /* PBXContainerItemProxy */;
		};
/* End PBXTargetDependency section */

/* Begin XCBuildConfiguration section */
		D073DE1B2773F660009E11CC /* Debug */ = {
			isa = XCBuildConfiguration;
			buildSettings = {
				ALWAYS_SEARCH_USER_PATHS = NO;
				CLANG_ANALYZER_NONNULL = YES;
				CLANG_ANALYZER_NUMBER_OBJECT_CONVERSION = YES_AGGRESSIVE;
				CLANG_CXX_LANGUAGE_STANDARD = "gnu++17";
				CLANG_CXX_LIBRARY = "libc++";
				CLANG_ENABLE_MODULES = YES;
				CLANG_ENABLE_OBJC_ARC = YES;
				CLANG_ENABLE_OBJC_WEAK = YES;
				CLANG_WARN_BLOCK_CAPTURE_AUTORELEASING = YES;
				CLANG_WARN_BOOL_CONVERSION = YES;
				CLANG_WARN_COMMA = YES;
				CLANG_WARN_CONSTANT_CONVERSION = YES;
				CLANG_WARN_DEPRECATED_OBJC_IMPLEMENTATIONS = YES;
				CLANG_WARN_DIRECT_OBJC_ISA_USAGE = YES_ERROR;
				CLANG_WARN_DOCUMENTATION_COMMENTS = YES;
				CLANG_WARN_EMPTY_BODY = YES;
				CLANG_WARN_ENUM_CONVERSION = YES;
				CLANG_WARN_INFINITE_RECURSION = YES;
				CLANG_WARN_INT_CONVERSION = YES;
				CLANG_WARN_NON_LITERAL_NULL_CONVERSION = YES;
				CLANG_WARN_OBJC_IMPLICIT_RETAIN_SELF = YES;
				CLANG_WARN_OBJC_LITERAL_CONVERSION = YES;
				CLANG_WARN_OBJC_ROOT_CLASS = YES_ERROR;
				CLANG_WARN_QUOTED_INCLUDE_IN_FRAMEWORK_HEADER = YES;
				CLANG_WARN_RANGE_LOOP_ANALYSIS = YES;
				CLANG_WARN_STRICT_PROTOTYPES = YES;
				CLANG_WARN_SUSPICIOUS_MOVE = YES;
				CLANG_WARN_UNGUARDED_AVAILABILITY = YES_AGGRESSIVE;
				CLANG_WARN_UNREACHABLE_CODE = YES;
				CLANG_WARN__DUPLICATE_METHOD_MATCH = YES;
				COPY_PHASE_STRIP = NO;
				DEBUG_INFORMATION_FORMAT = dwarf;
				ENABLE_STRICT_OBJC_MSGSEND = YES;
				ENABLE_TESTABILITY = YES;
				GCC_C_LANGUAGE_STANDARD = gnu11;
				GCC_DYNAMIC_NO_PIC = NO;
				GCC_NO_COMMON_BLOCKS = YES;
				GCC_OPTIMIZATION_LEVEL = 0;
				GCC_PREPROCESSOR_DEFINITIONS = (
					"DEBUG=1",
					"$(inherited)",
				);
				GCC_WARN_64_TO_32_BIT_CONVERSION = YES;
				GCC_WARN_ABOUT_RETURN_TYPE = YES_ERROR;
				GCC_WARN_UNDECLARED_SELECTOR = YES;
				GCC_WARN_UNINITIALIZED_AUTOS = YES_AGGRESSIVE;
				GCC_WARN_UNUSED_FUNCTION = YES;
				GCC_WARN_UNUSED_VARIABLE = YES;
				MTL_ENABLE_DEBUG_INFO = INCLUDE_SOURCE;
				MTL_FAST_MATH = YES;
				ONLY_ACTIVE_ARCH = YES;
				SWIFT_ACTIVE_COMPILATION_CONDITIONS = DEBUG;
				SWIFT_OPTIMIZATION_LEVEL = "-Onone";
			};
			name = Debug;
		};
		D073DE1C2773F660009E11CC /* Release */ = {
			isa = XCBuildConfiguration;
			buildSettings = {
				ALWAYS_SEARCH_USER_PATHS = NO;
				CLANG_ANALYZER_NONNULL = YES;
				CLANG_ANALYZER_NUMBER_OBJECT_CONVERSION = YES_AGGRESSIVE;
				CLANG_CXX_LANGUAGE_STANDARD = "gnu++17";
				CLANG_CXX_LIBRARY = "libc++";
				CLANG_ENABLE_MODULES = YES;
				CLANG_ENABLE_OBJC_ARC = YES;
				CLANG_ENABLE_OBJC_WEAK = YES;
				CLANG_WARN_BLOCK_CAPTURE_AUTORELEASING = YES;
				CLANG_WARN_BOOL_CONVERSION = YES;
				CLANG_WARN_COMMA = YES;
				CLANG_WARN_CONSTANT_CONVERSION = YES;
				CLANG_WARN_DEPRECATED_OBJC_IMPLEMENTATIONS = YES;
				CLANG_WARN_DIRECT_OBJC_ISA_USAGE = YES_ERROR;
				CLANG_WARN_DOCUMENTATION_COMMENTS = YES;
				CLANG_WARN_EMPTY_BODY = YES;
				CLANG_WARN_ENUM_CONVERSION = YES;
				CLANG_WARN_INFINITE_RECURSION = YES;
				CLANG_WARN_INT_CONVERSION = YES;
				CLANG_WARN_NON_LITERAL_NULL_CONVERSION = YES;
				CLANG_WARN_OBJC_IMPLICIT_RETAIN_SELF = YES;
				CLANG_WARN_OBJC_LITERAL_CONVERSION = YES;
				CLANG_WARN_OBJC_ROOT_CLASS = YES_ERROR;
				CLANG_WARN_QUOTED_INCLUDE_IN_FRAMEWORK_HEADER = YES;
				CLANG_WARN_RANGE_LOOP_ANALYSIS = YES;
				CLANG_WARN_STRICT_PROTOTYPES = YES;
				CLANG_WARN_SUSPICIOUS_MOVE = YES;
				CLANG_WARN_UNGUARDED_AVAILABILITY = YES_AGGRESSIVE;
				CLANG_WARN_UNREACHABLE_CODE = YES;
				CLANG_WARN__DUPLICATE_METHOD_MATCH = YES;
				COPY_PHASE_STRIP = NO;
				DEBUG_INFORMATION_FORMAT = "dwarf-with-dsym";
				ENABLE_NS_ASSERTIONS = NO;
				ENABLE_STRICT_OBJC_MSGSEND = YES;
				GCC_C_LANGUAGE_STANDARD = gnu11;
				GCC_NO_COMMON_BLOCKS = YES;
				GCC_WARN_64_TO_32_BIT_CONVERSION = YES;
				GCC_WARN_ABOUT_RETURN_TYPE = YES_ERROR;
				GCC_WARN_UNDECLARED_SELECTOR = YES;
				GCC_WARN_UNINITIALIZED_AUTOS = YES_AGGRESSIVE;
				GCC_WARN_UNUSED_FUNCTION = YES;
				GCC_WARN_UNUSED_VARIABLE = YES;
				MTL_ENABLE_DEBUG_INFO = NO;
				MTL_FAST_MATH = YES;
				SWIFT_COMPILATION_MODE = wholemodule;
				SWIFT_OPTIMIZATION_LEVEL = "-O";
			};
			name = Release;
		};
		D073DE1E2773F660009E11CC /* Debug */ = {
			isa = XCBuildConfiguration;
			buildSettings = {
				ASSETCATALOG_COMPILER_APPICON_NAME = AppIcon;
				ASSETCATALOG_COMPILER_GLOBAL_ACCENT_COLOR_NAME = AccentColor;
				CODE_SIGN_STYLE = Automatic;
				CURRENT_PROJECT_VERSION = 1;
				DEVELOPMENT_TEAM = 5GQ7XHQ4RK;
				ENABLE_PREVIEWS = YES;
				GENERATE_INFOPLIST_FILE = YES;
				INFOPLIST_KEY_UIApplicationSceneManifest_Generation = YES;
				INFOPLIST_KEY_UIApplicationSupportsIndirectInputEvents = YES;
				INFOPLIST_KEY_UILaunchScreen_Generation = YES;
				INFOPLIST_KEY_UISupportedInterfaceOrientations_iPad = "UIInterfaceOrientationPortrait UIInterfaceOrientationPortraitUpsideDown UIInterfaceOrientationLandscapeLeft UIInterfaceOrientationLandscapeRight";
				INFOPLIST_KEY_UISupportedInterfaceOrientations_iPhone = "UIInterfaceOrientationPortrait UIInterfaceOrientationLandscapeLeft UIInterfaceOrientationLandscapeRight";
				IPHONEOS_DEPLOYMENT_TARGET = 15.2;
				LD_RUNPATH_SEARCH_PATHS = (
					"$(inherited)",
					"@executable_path/Frameworks",
				);
				MARKETING_VERSION = 1.0;
				PRODUCT_BUNDLE_IDENTIFIER = private.FlashCards;
				PRODUCT_NAME = FlashCards;
				SDKROOT = iphoneos;
				SWIFT_EMIT_LOC_STRINGS = YES;
				SWIFT_VERSION = 5.0;
				TARGETED_DEVICE_FAMILY = "1,2";
			};
			name = Debug;
		};
		D073DE1F2773F660009E11CC /* Release */ = {
			isa = XCBuildConfiguration;
			buildSettings = {
				ASSETCATALOG_COMPILER_APPICON_NAME = AppIcon;
				ASSETCATALOG_COMPILER_GLOBAL_ACCENT_COLOR_NAME = AccentColor;
				CODE_SIGN_STYLE = Automatic;
				CURRENT_PROJECT_VERSION = 1;
				DEVELOPMENT_TEAM = 5GQ7XHQ4RK;
				ENABLE_PREVIEWS = YES;
				GENERATE_INFOPLIST_FILE = YES;
				INFOPLIST_KEY_UIApplicationSceneManifest_Generation = YES;
				INFOPLIST_KEY_UIApplicationSupportsIndirectInputEvents = YES;
				INFOPLIST_KEY_UILaunchScreen_Generation = YES;
				INFOPLIST_KEY_UISupportedInterfaceOrientations_iPad = "UIInterfaceOrientationPortrait UIInterfaceOrientationPortraitUpsideDown UIInterfaceOrientationLandscapeLeft UIInterfaceOrientationLandscapeRight";
				INFOPLIST_KEY_UISupportedInterfaceOrientations_iPhone = "UIInterfaceOrientationPortrait UIInterfaceOrientationLandscapeLeft UIInterfaceOrientationLandscapeRight";
				IPHONEOS_DEPLOYMENT_TARGET = 15.2;
				LD_RUNPATH_SEARCH_PATHS = (
					"$(inherited)",
					"@executable_path/Frameworks",
				);
				MARKETING_VERSION = 1.0;
				PRODUCT_BUNDLE_IDENTIFIER = private.FlashCards;
				PRODUCT_NAME = FlashCards;
				SDKROOT = iphoneos;
				SWIFT_EMIT_LOC_STRINGS = YES;
				SWIFT_VERSION = 5.0;
				TARGETED_DEVICE_FAMILY = "1,2";
				VALIDATE_PRODUCT = YES;
			};
			name = Release;
		};
		D073DE212773F660009E11CC /* Debug */ = {
			isa = XCBuildConfiguration;
			buildSettings = {
				ASSETCATALOG_COMPILER_APPICON_NAME = AppIcon;
				ASSETCATALOG_COMPILER_GLOBAL_ACCENT_COLOR_NAME = AccentColor;
				CODE_SIGN_ENTITLEMENTS = macOS/macOS.entitlements;
				CODE_SIGN_STYLE = Automatic;
				COMBINE_HIDPI_IMAGES = YES;
				CURRENT_PROJECT_VERSION = 1;
				DEVELOPMENT_TEAM = 5GQ7XHQ4RK;
				ENABLE_HARDENED_RUNTIME = YES;
				ENABLE_PREVIEWS = YES;
				GENERATE_INFOPLIST_FILE = YES;
				INFOPLIST_KEY_NSHumanReadableCopyright = "";
				LD_RUNPATH_SEARCH_PATHS = (
					"$(inherited)",
					"@executable_path/../Frameworks",
				);
				MACOSX_DEPLOYMENT_TARGET = 11.4;
				MARKETING_VERSION = 1.0;
				PRODUCT_BUNDLE_IDENTIFIER = private.FlashCards;
				PRODUCT_NAME = FlashCards;
				SDKROOT = macosx;
				SWIFT_EMIT_LOC_STRINGS = YES;
				SWIFT_VERSION = 5.0;
			};
			name = Debug;
		};
		D073DE222773F660009E11CC /* Release */ = {
			isa = XCBuildConfiguration;
			buildSettings = {
				ASSETCATALOG_COMPILER_APPICON_NAME = AppIcon;
				ASSETCATALOG_COMPILER_GLOBAL_ACCENT_COLOR_NAME = AccentColor;
				CODE_SIGN_ENTITLEMENTS = macOS/macOS.entitlements;
				CODE_SIGN_STYLE = Automatic;
				COMBINE_HIDPI_IMAGES = YES;
				CURRENT_PROJECT_VERSION = 1;
				DEVELOPMENT_TEAM = 5GQ7XHQ4RK;
				ENABLE_HARDENED_RUNTIME = YES;
				ENABLE_PREVIEWS = YES;
				GENERATE_INFOPLIST_FILE = YES;
				INFOPLIST_KEY_NSHumanReadableCopyright = "";
				LD_RUNPATH_SEARCH_PATHS = (
					"$(inherited)",
					"@executable_path/../Frameworks",
				);
				MACOSX_DEPLOYMENT_TARGET = 11.4;
				MARKETING_VERSION = 1.0;
				PRODUCT_BUNDLE_IDENTIFIER = private.FlashCards;
				PRODUCT_NAME = FlashCards;
				SDKROOT = macosx;
				SWIFT_EMIT_LOC_STRINGS = YES;
				SWIFT_VERSION = 5.0;
			};
			name = Release;
		};
		D073DE242773F660009E11CC /* Debug */ = {
			isa = XCBuildConfiguration;
			buildSettings = {
				ALWAYS_EMBED_SWIFT_STANDARD_LIBRARIES = YES;
				CODE_SIGN_STYLE = Automatic;
				CURRENT_PROJECT_VERSION = 1;
				DEVELOPMENT_TEAM = 5GQ7XHQ4RK;
				GENERATE_INFOPLIST_FILE = YES;
				IPHONEOS_DEPLOYMENT_TARGET = 15.2;
				MARKETING_VERSION = 1.0;
				PRODUCT_BUNDLE_IDENTIFIER = "private.Tests-iOS";
				PRODUCT_NAME = "$(TARGET_NAME)";
				SDKROOT = iphoneos;
				SWIFT_EMIT_LOC_STRINGS = NO;
				SWIFT_VERSION = 5.0;
				TARGETED_DEVICE_FAMILY = "1,2";
				TEST_TARGET_NAME = "FlashCards (iOS)";
			};
			name = Debug;
		};
		D073DE252773F660009E11CC /* Release */ = {
			isa = XCBuildConfiguration;
			buildSettings = {
				ALWAYS_EMBED_SWIFT_STANDARD_LIBRARIES = YES;
				CODE_SIGN_STYLE = Automatic;
				CURRENT_PROJECT_VERSION = 1;
				DEVELOPMENT_TEAM = 5GQ7XHQ4RK;
				GENERATE_INFOPLIST_FILE = YES;
				IPHONEOS_DEPLOYMENT_TARGET = 15.2;
				MARKETING_VERSION = 1.0;
				PRODUCT_BUNDLE_IDENTIFIER = "private.Tests-iOS";
				PRODUCT_NAME = "$(TARGET_NAME)";
				SDKROOT = iphoneos;
				SWIFT_EMIT_LOC_STRINGS = NO;
				SWIFT_VERSION = 5.0;
				TARGETED_DEVICE_FAMILY = "1,2";
				TEST_TARGET_NAME = "FlashCards (iOS)";
				VALIDATE_PRODUCT = YES;
			};
			name = Release;
		};
		D073DE272773F660009E11CC /* Debug */ = {
			isa = XCBuildConfiguration;
			buildSettings = {
				ALWAYS_EMBED_SWIFT_STANDARD_LIBRARIES = YES;
				CODE_SIGN_STYLE = Automatic;
				CURRENT_PROJECT_VERSION = 1;
				DEVELOPMENT_TEAM = 5GQ7XHQ4RK;
				GENERATE_INFOPLIST_FILE = YES;
				MACOSX_DEPLOYMENT_TARGET = 11.4;
				MARKETING_VERSION = 1.0;
				PRODUCT_BUNDLE_IDENTIFIER = "private.Tests-macOS";
				PRODUCT_NAME = "$(TARGET_NAME)";
				SDKROOT = macosx;
				SWIFT_EMIT_LOC_STRINGS = NO;
				SWIFT_VERSION = 5.0;
				TEST_TARGET_NAME = "FlashCards (macOS)";
			};
			name = Debug;
		};
		D073DE282773F660009E11CC /* Release */ = {
			isa = XCBuildConfiguration;
			buildSettings = {
				ALWAYS_EMBED_SWIFT_STANDARD_LIBRARIES = YES;
				CODE_SIGN_STYLE = Automatic;
				CURRENT_PROJECT_VERSION = 1;
				DEVELOPMENT_TEAM = 5GQ7XHQ4RK;
				GENERATE_INFOPLIST_FILE = YES;
				MACOSX_DEPLOYMENT_TARGET = 11.4;
				MARKETING_VERSION = 1.0;
				PRODUCT_BUNDLE_IDENTIFIER = "private.Tests-macOS";
				PRODUCT_NAME = "$(TARGET_NAME)";
				SDKROOT = macosx;
				SWIFT_EMIT_LOC_STRINGS = NO;
				SWIFT_VERSION = 5.0;
				TEST_TARGET_NAME = "FlashCards (macOS)";
			};
			name = Release;
		};
/* End XCBuildConfiguration section */

/* Begin XCConfigurationList section */
		D073DDEB2773F65C009E11CC /* Build configuration list for PBXProject "FlashCards" */ = {
			isa = XCConfigurationList;
			buildConfigurations = (
				D073DE1B2773F660009E11CC /* Debug */,
				D073DE1C2773F660009E11CC /* Release */,
			);
			defaultConfigurationIsVisible = 0;
			defaultConfigurationName = Release;
		};
		D073DE1D2773F660009E11CC /* Build configuration list for PBXNativeTarget "FlashCards (iOS)" */ = {
			isa = XCConfigurationList;
			buildConfigurations = (
				D073DE1E2773F660009E11CC /* Debug */,
				D073DE1F2773F660009E11CC /* Release */,
			);
			defaultConfigurationIsVisible = 0;
			defaultConfigurationName = Release;
		};
		D073DE202773F660009E11CC /* Build configuration list for PBXNativeTarget "FlashCards (macOS)" */ = {
			isa = XCConfigurationList;
			buildConfigurations = (
				D073DE212773F660009E11CC /* Debug */,
				D073DE222773F660009E11CC /* Release */,
			);
			defaultConfigurationIsVisible = 0;
			defaultConfigurationName = Release;
		};
		D073DE232773F660009E11CC /* Build configuration list for PBXNativeTarget "Tests iOS" */ = {
			isa = XCConfigurationList;
			buildConfigurations = (
				D073DE242773F660009E11CC /* Debug */,
				D073DE252773F660009E11CC /* Release */,
			);
			defaultConfigurationIsVisible = 0;
			defaultConfigurationName = Release;
		};
		D073DE262773F660009E11CC /* Build configuration list for PBXNativeTarget "Tests macOS" */ = {
			isa = XCConfigurationList;
			buildConfigurations = (
				D073DE272773F660009E11CC /* Debug */,
				D073DE282773F660009E11CC /* Release */,
			);
			defaultConfigurationIsVisible = 0;
			defaultConfigurationName = Release;
		};
/* End XCConfigurationList section */
	};
	rootObject = D073DDE82773F65C009E11CC /* Project object */;
}
